
Microsoft Visual Studio Solution File, Format Version 12.00
Project("{FAE04EC0-301F-11D3-BF4B-00C04F79EFBC}") = "Api-Gateway", "Api-Gateway\Api-Gateway.csproj", "{B0576362-9489-4391-8F69-871AB3C2F409}"
EndProject
Project("{FAE04EC0-301F-11D3-BF4B-00C04F79EFBC}") = "Shopify-Api", "Shopify-Api\Shopify-Api.csproj", "{CBB28C29-7E7E-4ADE-B43F-04A30D66E327}"
EndProject
Project("{FAE04EC0-301F-11D3-BF4B-00C04F79EFBC}") = "TestingProject", "TestingProject\TestingProject.csproj", "{4F9B749D-0BC2-47DF-AE1E-48B8370D5C7A}"
EndProject
Project("{FAE04EC0-301F-11D3-BF4B-00C04F79EFBC}") = "ApiWebAuth", "ApiWebAuth\ApiWebAuth.csproj", "{A8F69E0A-43B9-4F8D-BD45-5B72E48A6179}"
EndProject
Project("{FAE04EC0-301F-11D3-BF4B-00C04F79EFBC}") = "AppointmentsService", "AppointmentsService\AppointmentsService.csproj", "{DA59867A-D0FE-4551-B596-8FD695B0BDAB}"
EndProject
Project("{2150E333-8FDC-42A3-9474-1A3956D46DE8}") = "Solution Items", "Solution Items", "{E40EFD28-6BF7-44DA-A090-7404BB155E6C}"
	ProjectSection(SolutionItems) = preProject
		compose.yaml = compose.yaml
		service_compose.yaml = service_compose.yaml
	EndProjectSection
EndProject
Project("{FAE04EC0-301F-11D3-BF4B-00C04F79EFBC}") = "Email-Api", "Email-Api\Email-Api.csproj", "{27F85FD1-C1A1-4FBD-94F5-9EC1100FC62D}"
EndProject
Global
	GlobalSection(SolutionConfigurationPlatforms) = preSolution
		Debug|Any CPU = Debug|Any CPU
		Release|Any CPU = Release|Any CPU
	EndGlobalSection
	GlobalSection(ProjectConfigurationPlatforms) = postSolution
		{B0576362-9489-4391-8F69-871AB3C2F409}.Debug|Any CPU.ActiveCfg = Debug|Any CPU
		{B0576362-9489-4391-8F69-871AB3C2F409}.Debug|Any CPU.Build.0 = Debug|Any CPU
		{B0576362-9489-4391-8F69-871AB3C2F409}.Release|Any CPU.ActiveCfg = Release|Any CPU
		{B0576362-9489-4391-8F69-871AB3C2F409}.Release|Any CPU.Build.0 = Release|Any CPU
		{CBB28C29-7E7E-4ADE-B43F-04A30D66E327}.Debug|Any CPU.ActiveCfg = Debug|Any CPU
		{CBB28C29-7E7E-4ADE-B43F-04A30D66E327}.Debug|Any CPU.Build.0 = Debug|Any CPU
		{CBB28C29-7E7E-4ADE-B43F-04A30D66E327}.Release|Any CPU.ActiveCfg = Release|Any CPU
		{CBB28C29-7E7E-4ADE-B43F-04A30D66E327}.Release|Any CPU.Build.0 = Release|Any CPU
		{4F9B749D-0BC2-47DF-AE1E-48B8370D5C7A}.Debug|Any CPU.ActiveCfg = Debug|Any CPU
		{4F9B749D-0BC2-47DF-AE1E-48B8370D5C7A}.Debug|Any CPU.Build.0 = Debug|Any CPU
		{4F9B749D-0BC2-47DF-AE1E-48B8370D5C7A}.Release|Any CPU.ActiveCfg = Release|Any CPU
		{4F9B749D-0BC2-47DF-AE1E-48B8370D5C7A}.Release|Any CPU.Build.0 = Release|Any CPU
		{A8F69E0A-43B9-4F8D-BD45-5B72E48A6179}.Debug|Any CPU.ActiveCfg = Debug|Any CPU
		{A8F69E0A-43B9-4F8D-BD45-5B72E48A6179}.Debug|Any CPU.Build.0 = Debug|Any CPU
		{A8F69E0A-43B9-4F8D-BD45-5B72E48A6179}.Release|Any CPU.ActiveCfg = Release|Any CPU
		{A8F69E0A-43B9-4F8D-BD45-5B72E48A6179}.Release|Any CPU.Build.0 = Release|Any CPU
		{DA59867A-D0FE-4551-B596-8FD695B0BDAB}.Debug|Any CPU.ActiveCfg = Debug|Any CPU
								{DA59867A-D0FE-4551-B596-8FD695B0BDAB}.Debug|Any CPU.Build.0 = Debug|Any CPU
								{DA59867A-D0FE-4551-B596-8FD695B0BDAB}.Release|Any CPU.ActiveCfg = Release|Any CPU
								{DA59867A-D0FE-4551-B596-8FD695B0BDAB}.Release|Any CPU.Build.0 = Release|Any CPU
								
		{27F85FD1-C1A1-4FBD-94F5-9EC1100FC62D}.Debug|Any CPU.ActiveCfg = Debug|Any CPU
		{27F85FD1-C1A1-4FBD-94F5-9EC1100FC62D}.Debug|Any CPU.Build.0 = Debug|Any CPU
		{27F85FD1-C1A1-4FBD-94F5-9EC1100FC62D}.Release|Any CPU.ActiveCfg = Release|Any CPU
		{27F85FD1-C1A1-4FBD-94F5-9EC1100FC62D}.Release|Any CPU.Build.0 = Release|Any CPU
	EndGlobalSection
EndGlobal
